
Microsoft Visual Studio Solution File, Format Version 12.00
# Visual Studio Version 17
VisualStudioVersion = 17.7.34018.315
MinimumVisualStudioVersion = 10.0.40219.1
Project("{FAE04EC0-301F-11D3-BF4B-00C04F79EFBC}") = "P3S5ServerControls", "P3S5ServerControls\P3S5ServerControls.csproj", "{2917D9A9-F328-4867-BFC6-777B8018F6A4}"
EndProject
Global
	GlobalSection(SolutionConfigurationPlatforms) = preSolution
		Debug|Any CPU = Debug|Any CPU
		Release|Any CPU = Release|Any CPU
	EndGlobalSection
	GlobalSection(ProjectConfigurationPlatforms) = postSolution
		{2917D9A9-F328-4867-BFC6-777B8018F6A4}.Debug|Any CPU.ActiveCfg = Debug|Any CPU
		{2917D9A9-F328-4867-BFC6-777B8018F6A4}.Debug|Any CPU.Build.0 = Debug|Any CPU
		{2917D9A9-F328-4867-BFC6-777B8018F6A4}.Release|Any CPU.ActiveCfg = Release|Any CPU
		{2917D9A9-F328-4867-BFC6-777B8018F6A4}.Release|Any CPU.Build.0 = Release|Any CPU
	EndGlobalSection
	GlobalSection(SolutionProperties) = preSolution
		HideSolutionNode = FALSE
	EndGlobalSection
	GlobalSection(ExtensibilityGlobals) = postSolution
		SolutionGuid = {1AFA0C39-12B1-4783-A20A-2F1FB0E842F4}
	EndGlobalSection
EndGlobal
