
Microsoft Visual Studio Solution File, Format Version 12.00
# Visual Studio Version 17
VisualStudioVersion = 17.7.34018.315
MinimumVisualStudioVersion = 10.0.40219.1
Project("{FAE04EC0-301F-11D3-BF4B-00C04F79EFBC}") = "P3S4ErrorHandling", "P3S4ErrorHandling\P3S4ErrorHandling.csproj", "{A2A7A0F3-2310-4A70-8BF0-2A3E0028C90C}"
EndProject
Global
	GlobalSection(SolutionConfigurationPlatforms) = preSolution
		Debug|Any CPU = Debug|Any CPU
		Release|Any CPU = Release|Any CPU
	EndGlobalSection
	GlobalSection(ProjectConfigurationPlatforms) = postSolution
		{A2A7A0F3-2310-4A70-8BF0-2A3E0028C90C}.Debug|Any CPU.ActiveCfg = Debug|Any CPU
		{A2A7A0F3-2310-4A70-8BF0-2A3E0028C90C}.Debug|Any CPU.Build.0 = Debug|Any CPU
		{A2A7A0F3-2310-4A70-8BF0-2A3E0028C90C}.Release|Any CPU.ActiveCfg = Release|Any CPU
		{A2A7A0F3-2310-4A70-8BF0-2A3E0028C90C}.Release|Any CPU.Build.0 = Release|Any CPU
	EndGlobalSection
	GlobalSection(SolutionProperties) = preSolution
		HideSolutionNode = FALSE
	EndGlobalSection
	GlobalSection(ExtensibilityGlobals) = postSolution
		SolutionGuid = {F3CC3FA7-34E8-4498-AB3A-37EAEB2D4563}
	EndGlobalSection
EndGlobal
