
Microsoft Visual Studio Solution File, Format Version 12.00
# Visual Studio Version 17
VisualStudioVersion = 17.7.34018.315
MinimumVisualStudioVersion = 10.0.40219.1
Project("{FAE04EC0-301F-11D3-BF4B-00C04F79EFBC}") = "P3SectionHttp", "P3SectionHttp\P3SectionHttp.csproj", "{3BC443E6-D80C-4E34-8528-DA5EC348E22E}"
EndProject
Global
	GlobalSection(SolutionConfigurationPlatforms) = preSolution
		Debug|Any CPU = Debug|Any CPU
		Release|Any CPU = Release|Any CPU
	EndGlobalSection
	GlobalSection(ProjectConfigurationPlatforms) = postSolution
		{3BC443E6-D80C-4E34-8528-DA5EC348E22E}.Debug|Any CPU.ActiveCfg = Debug|Any CPU
		{3BC443E6-D80C-4E34-8528-DA5EC348E22E}.Debug|Any CPU.Build.0 = Debug|Any CPU
		{3BC443E6-D80C-4E34-8528-DA5EC348E22E}.Release|Any CPU.ActiveCfg = Release|Any CPU
		{3BC443E6-D80C-4E34-8528-DA5EC348E22E}.Release|Any CPU.Build.0 = Release|Any CPU
	EndGlobalSection
	GlobalSection(SolutionProperties) = preSolution
		HideSolutionNode = FALSE
	EndGlobalSection
	GlobalSection(ExtensibilityGlobals) = postSolution
		SolutionGuid = {850E2D6A-2F0F-4DC5-BF63-FB321E315EFC}
	EndGlobalSection
EndGlobal
