
Microsoft Visual Studio Solution File, Format Version 12.00
# Visual Studio Version 17
VisualStudioVersion = 17.7.34018.315
MinimumVisualStudioVersion = 10.0.40219.1
Project("{FAE04EC0-301F-11D3-BF4B-00C04F79EFBC}") = "P3S5WebFormsPageDirectives", "P3S5WebFormsPageDirectives\P3S5WebFormsPageDirectives.csproj", "{DD340119-16AC-4C2D-AFBD-E6F2316CFF5A}"
EndProject
Global
	GlobalSection(SolutionConfigurationPlatforms) = preSolution
		Debug|Any CPU = Debug|Any CPU
		Release|Any CPU = Release|Any CPU
	EndGlobalSection
	GlobalSection(ProjectConfigurationPlatforms) = postSolution
		{DD340119-16AC-4C2D-AFBD-E6F2316CFF5A}.Debug|Any CPU.ActiveCfg = Debug|Any CPU
		{DD340119-16AC-4C2D-AFBD-E6F2316CFF5A}.Debug|Any CPU.Build.0 = Debug|Any CPU
		{DD340119-16AC-4C2D-AFBD-E6F2316CFF5A}.Release|Any CPU.ActiveCfg = Release|Any CPU
		{DD340119-16AC-4C2D-AFBD-E6F2316CFF5A}.Release|Any CPU.Build.0 = Release|Any CPU
	EndGlobalSection
	GlobalSection(SolutionProperties) = preSolution
		HideSolutionNode = FALSE
	EndGlobalSection
	GlobalSection(ExtensibilityGlobals) = postSolution
		SolutionGuid = {05CE69C2-2F9F-43E7-A8F2-9D384F1DEAA8}
	EndGlobalSection
EndGlobal
