
Microsoft Visual Studio Solution File, Format Version 12.00
# Visual Studio Version 17
VisualStudioVersion = 17.7.34018.315
MinimumVisualStudioVersion = 10.0.40219.1
Project("{FAE04EC0-301F-11D3-BF4B-00C04F79EFBC}") = "WebApiBooks", "WebApiBooks\WebApiBooks.csproj", "{127F5471-C524-4F3D-8B2E-FF4F276613CD}"
EndProject
Global
	GlobalSection(SolutionConfigurationPlatforms) = preSolution
		Debug|Any CPU = Debug|Any CPU
		Release|Any CPU = Release|Any CPU
	EndGlobalSection
	GlobalSection(ProjectConfigurationPlatforms) = postSolution
		{127F5471-C524-4F3D-8B2E-FF4F276613CD}.Debug|Any CPU.ActiveCfg = Debug|Any CPU
		{127F5471-C524-4F3D-8B2E-FF4F276613CD}.Debug|Any CPU.Build.0 = Debug|Any CPU
		{127F5471-C524-4F3D-8B2E-FF4F276613CD}.Release|Any CPU.ActiveCfg = Release|Any CPU
		{127F5471-C524-4F3D-8B2E-FF4F276613CD}.Release|Any CPU.Build.0 = Release|Any CPU
	EndGlobalSection
	GlobalSection(SolutionProperties) = preSolution
		HideSolutionNode = FALSE
	EndGlobalSection
	GlobalSection(ExtensibilityGlobals) = postSolution
		SolutionGuid = {410B9477-358E-4CB7-8812-5D5A98D8AB54}
	EndGlobalSection
EndGlobal
